
Microsoft Visual Studio Solution File, Format Version 12.00
# Visual Studio Version 17
VisualStudioVersion = 17.7.34031.279
MinimumVisualStudioVersion = 10.0.40219.1
Project("{FAE04EC0-301F-11D3-BF4B-00C04F79EFBC}") = "Lab07.Android", "Lab07\Lab07.Android\Lab07.Android.csproj", "{C1A2B8C9-E5EA-455F-A10D-80DADF7B7495}"
EndProject
Project("{FAE04EC0-301F-11D3-BF4B-00C04F79EFBC}") = "Lab07.iOS", "Lab07\Lab07.iOS\Lab07.iOS.csproj", "{826943C0-948B-41E6-A245-013395F8394F}"
EndProject
Project("{FAE04EC0-301F-11D3-BF4B-00C04F79EFBC}") = "Lab07", "Lab07\Lab07\Lab07.csproj", "{19F500CC-490E-4637-9CF1-7381E10F989C}"
EndProject
Global
	GlobalSection(SolutionConfigurationPlatforms) = preSolution
		Debug|Any CPU = Debug|Any CPU
		Debug|iPhone = Debug|iPhone
		Debug|iPhoneSimulator = Debug|iPhoneSimulator
		Release|Any CPU = Release|Any CPU
		Release|iPhone = Release|iPhone
		Release|iPhoneSimulator = Release|iPhoneSimulator
	EndGlobalSection
	GlobalSection(ProjectConfigurationPlatforms) = postSolution
		{C1A2B8C9-E5EA-455F-A10D-80DADF7B7495}.Debug|Any CPU.ActiveCfg = Debug|Any CPU
		{C1A2B8C9-E5EA-455F-A10D-80DADF7B7495}.Debug|Any CPU.Build.0 = Debug|Any CPU
		{C1A2B8C9-E5EA-455F-A10D-80DADF7B7495}.Debug|Any CPU.Deploy.0 = Debug|Any CPU
		{C1A2B8C9-E5EA-455F-A10D-80DADF7B7495}.Debug|iPhone.ActiveCfg = Debug|Any CPU
		{C1A2B8C9-E5EA-455F-A10D-80DADF7B7495}.Debug|iPhone.Build.0 = Debug|Any CPU
		{C1A2B8C9-E5EA-455F-A10D-80DADF7B7495}.Debug|iPhone.Deploy.0 = Debug|Any CPU
		{C1A2B8C9-E5EA-455F-A10D-80DADF7B7495}.Debug|iPhoneSimulator.ActiveCfg = Debug|Any CPU
		{C1A2B8C9-E5EA-455F-A10D-80DADF7B7495}.Debug|iPhoneSimulator.Build.0 = Debug|Any CPU
		{C1A2B8C9-E5EA-455F-A10D-80DADF7B7495}.Debug|iPhoneSimulator.Deploy.0 = Debug|Any CPU
		{C1A2B8C9-E5EA-455F-A10D-80DADF7B7495}.Release|Any CPU.ActiveCfg = Release|Any CPU
		{C1A2B8C9-E5EA-455F-A10D-80DADF7B7495}.Release|Any CPU.Build.0 = Release|Any CPU
		{C1A2B8C9-E5EA-455F-A10D-80DADF7B7495}.Release|Any CPU.Deploy.0 = Release|Any CPU
		{C1A2B8C9-E5EA-455F-A10D-80DADF7B7495}.Release|iPhone.ActiveCfg = Release|Any CPU
		{C1A2B8C9-E5EA-455F-A10D-80DADF7B7495}.Release|iPhone.Build.0 = Release|Any CPU
		{C1A2B8C9-E5EA-455F-A10D-80DADF7B7495}.Release|iPhone.Deploy.0 = Release|Any CPU
		{C1A2B8C9-E5EA-455F-A10D-80DADF7B7495}.Release|iPhoneSimulator.ActiveCfg = Release|Any CPU
		{C1A2B8C9-E5EA-455F-A10D-80DADF7B7495}.Release|iPhoneSimulator.Build.0 = Release|Any CPU
		{C1A2B8C9-E5EA-455F-A10D-80DADF7B7495}.Release|iPhoneSimulator.Deploy.0 = Release|Any CPU
		{826943C0-948B-41E6-A245-013395F8394F}.Debug|Any CPU.ActiveCfg = Debug|iPhone
		{826943C0-948B-41E6-A245-013395F8394F}.Debug|Any CPU.Build.0 = Debug|iPhone
		{826943C0-948B-41E6-A245-013395F8394F}.Debug|Any CPU.Deploy.0 = Debug|iPhone
		{826943C0-948B-41E6-A245-013395F8394F}.Debug|iPhone.ActiveCfg = Debug|iPhone
		{826943C0-948B-41E6-A245-013395F8394F}.Debug|iPhone.Build.0 = Debug|iPhone
		{826943C0-948B-41E6-A245-013395F8394F}.Debug|iPhone.Deploy.0 = Debug|iPhone
		{826943C0-948B-41E6-A245-013395F8394F}.Debug|iPhoneSimulator.ActiveCfg = Debug|iPhoneSimulator
		{826943C0-948B-41E6-A245-013395F8394F}.Debug|iPhoneSimulator.Build.0 = Debug|iPhoneSimulator
		{826943C0-948B-41E6-A245-013395F8394F}.Debug|iPhoneSimulator.Deploy.0 = Debug|iPhoneSimulator
		{826943C0-948B-41E6-A245-013395F8394F}.Release|Any CPU.ActiveCfg = Release|iPhoneSimulator
		{826943C0-948B-41E6-A245-013395F8394F}.Release|Any CPU.Build.0 = Release|iPhoneSimulator
		{826943C0-948B-41E6-A245-013395F8394F}.Release|Any CPU.Deploy.0 = Release|iPhoneSimulator
		{826943C0-948B-41E6-A245-013395F8394F}.Release|iPhone.ActiveCfg = Release|iPhone
		{826943C0-948B-41E6-A245-013395F8394F}.Release|iPhone.Build.0 = Release|iPhone
		{826943C0-948B-41E6-A245-013395F8394F}.Release|iPhone.Deploy.0 = Release|iPhone
		{826943C0-948B-41E6-A245-013395F8394F}.Release|iPhoneSimulator.ActiveCfg = Release|iPhoneSimulator
		{826943C0-948B-41E6-A245-013395F8394F}.Release|iPhoneSimulator.Build.0 = Release|iPhoneSimulator
		{826943C0-948B-41E6-A245-013395F8394F}.Release|iPhoneSimulator.Deploy.0 = Release|iPhoneSimulator
		{19F500CC-490E-4637-9CF1-7381E10F989C}.Debug|Any CPU.ActiveCfg = Debug|Any CPU
		{19F500CC-490E-4637-9CF1-7381E10F989C}.Debug|Any CPU.Build.0 = Debug|Any CPU
		{19F500CC-490E-4637-9CF1-7381E10F989C}.Debug|Any CPU.Deploy.0 = Debug|Any CPU
		{19F500CC-490E-4637-9CF1-7381E10F989C}.Debug|iPhone.ActiveCfg = Debug|Any CPU
		{19F500CC-490E-4637-9CF1-7381E10F989C}.Debug|iPhone.Build.0 = Debug|Any CPU
		{19F500CC-490E-4637-9CF1-7381E10F989C}.Debug|iPhone.Deploy.0 = Debug|Any CPU
		{19F500CC-490E-4637-9CF1-7381E10F989C}.Debug|iPhoneSimulator.ActiveCfg = Debug|Any CPU
		{19F500CC-490E-4637-9CF1-7381E10F989C}.Debug|iPhoneSimulator.Build.0 = Debug|Any CPU
		{19F500CC-490E-4637-9CF1-7381E10F989C}.Debug|iPhoneSimulator.Deploy.0 = Debug|Any CPU
		{19F500CC-490E-4637-9CF1-7381E10F989C}.Release|Any CPU.ActiveCfg = Release|Any CPU
		{19F500CC-490E-4637-9CF1-7381E10F989C}.Release|Any CPU.Build.0 = Release|Any CPU
		{19F500CC-490E-4637-9CF1-7381E10F989C}.Release|Any CPU.Deploy.0 = Release|Any CPU
		{19F500CC-490E-4637-9CF1-7381E10F989C}.Release|iPhone.ActiveCfg = Release|Any CPU
		{19F500CC-490E-4637-9CF1-7381E10F989C}.Release|iPhone.Build.0 = Release|Any CPU
		{19F500CC-490E-4637-9CF1-7381E10F989C}.Release|iPhone.Deploy.0 = Release|Any CPU
		{19F500CC-490E-4637-9CF1-7381E10F989C}.Release|iPhoneSimulator.ActiveCfg = Release|Any CPU
		{19F500CC-490E-4637-9CF1-7381E10F989C}.Release|iPhoneSimulator.Build.0 = Release|Any CPU
		{19F500CC-490E-4637-9CF1-7381E10F989C}.Release|iPhoneSimulator.Deploy.0 = Release|Any CPU
	EndGlobalSection
	GlobalSection(SolutionProperties) = preSolution
		HideSolutionNode = FALSE
	EndGlobalSection
	GlobalSection(ExtensibilityGlobals) = postSolution
		SolutionGuid = {0832B3F9-F670-46D7-86F2-883C08B01B3C}
	EndGlobalSection
EndGlobal
